Microsoft Visual Studio Solution File, Format Version 11.00
# Visual Studio 2008

Project("{EC4F2BC2-DB25-5157-D636-D52637A69BDF}") = "UltimateRunner", "Assembly-CSharp-firstpass.csproj", "{3005EFDF-D065-3318-5074-72DF9DF6B470}"
EndProject
Project("{EC4F2BC2-DB25-5157-D636-D52637A69BDF}") = "UltimateRunner", "Assembly-CSharp.csproj", "{895CA871-43E5-83DA-035D-38049683F343}"
EndProject
Project("{EC4F2BC2-DB25-5157-D636-D52637A69BDF}") = "UltimateRunner", "Assembly-CSharp-Editor.csproj", "{1E3FBBD5-E09C-34B1-51FB-5AD619F2F059}"
EndProject
Global
	GlobalSection(SolutionConfigurationPlatforms) = preSolution
		Debug|Any CPU = Debug|Any CPU
		Release|Any CPU = Release|Any CPU
	EndGlobalSection
	GlobalSection(ProjectConfigurationPlatforms) = postSolution
		{3005EFDF-D065-3318-5074-72DF9DF6B470}.Debug|Any CPU.ActiveCfg = Debug|Any CPU
		{3005EFDF-D065-3318-5074-72DF9DF6B470}.Debug|Any CPU.Build.0 = Debug|Any CPU
		{3005EFDF-D065-3318-5074-72DF9DF6B470}.Release|Any CPU.ActiveCfg = Release|Any CPU
		{3005EFDF-D065-3318-5074-72DF9DF6B470}.Release|Any CPU.Build.0 = Release|Any CPU
		{895CA871-43E5-83DA-035D-38049683F343}.Debug|Any CPU.ActiveCfg = Debug|Any CPU
		{895CA871-43E5-83DA-035D-38049683F343}.Debug|Any CPU.Build.0 = Debug|Any CPU
		{895CA871-43E5-83DA-035D-38049683F343}.Release|Any CPU.ActiveCfg = Release|Any CPU
		{895CA871-43E5-83DA-035D-38049683F343}.Release|Any CPU.Build.0 = Release|Any CPU
		{1E3FBBD5-E09C-34B1-51FB-5AD619F2F059}.Debug|Any CPU.ActiveCfg = Debug|Any CPU
		{1E3FBBD5-E09C-34B1-51FB-5AD619F2F059}.Debug|Any CPU.Build.0 = Debug|Any CPU
		{1E3FBBD5-E09C-34B1-51FB-5AD619F2F059}.Release|Any CPU.ActiveCfg = Release|Any CPU
		{1E3FBBD5-E09C-34B1-51FB-5AD619F2F059}.Release|Any CPU.Build.0 = Release|Any CPU
	EndGlobalSection
	GlobalSection(SolutionProperties) = preSolution
		HideSolutionNode = FALSE
	EndGlobalSection
																																																																																																																															GlobalSection(MonoDevelopProperties) = preSolution
		StartupItem = Assembly-CSharp.csproj
		Policies = $0
		$0.TextStylePolicy = $1
		$1.inheritsSet = null
		$1.scope = text/x-csharp
		$0.CSharpFormattingPolicy = $2
		$2.inheritsSet = Mono
		$2.inheritsScope = text/x-csharp
		$2.scope = text/x-csharp
		$0.TextStylePolicy = $3
		$3.FileWidth = 120
		$3.TabWidth = 4
		$3.IndentWidth = 4
		$3.EolMarker = Unix
		$3.inheritsSet = Mono
		$3.inheritsScope = text/plain
		$3.scope = text/plain
	EndGlobalSection

EndGlobal
